
Microsoft Visual Studio Solution File, Format Version 12.00
# Visual Studio Version 16
VisualStudioVersion = 16.0.29911.84
MinimumVisualStudioVersion = 10.0.40219.1
Project("{8BC9CEB8-8B4A-11D0-8D11-00A0C91BC942}") = "assignment2-3", "assignment2-3\assignment2-3.vcxproj", "{C5922D7E-2FF0-4C41-BED0-4CB3CBD98DEB}"
EndProject
Global
	GlobalSection(SolutionConfigurationPlatforms) = preSolution
		Debug|x64 = Debug|x64
		Debug|x86 = Debug|x86
		Release|x64 = Release|x64
		Release|x86 = Release|x86
	EndGlobalSection
	GlobalSection(ProjectConfigurationPlatforms) = postSolution
		{C5922D7E-2FF0-4C41-BED0-4CB3CBD98DEB}.Debug|x64.ActiveCfg = Debug|x64
		{C5922D7E-2FF0-4C41-BED0-4CB3CBD98DEB}.Debug|x64.Build.0 = Debug|x64
		{C5922D7E-2FF0-4C41-BED0-4CB3CBD98DEB}.Debug|x86.ActiveCfg = Debug|Win32
		{C5922D7E-2FF0-4C41-BED0-4CB3CBD98DEB}.Debug|x86.Build.0 = Debug|Win32
		{C5922D7E-2FF0-4C41-BED0-4CB3CBD98DEB}.Release|x64.ActiveCfg = Release|x64
		{C5922D7E-2FF0-4C41-BED0-4CB3CBD98DEB}.Release|x64.Build.0 = Release|x64
		{C5922D7E-2FF0-4C41-BED0-4CB3CBD98DEB}.Release|x86.ActiveCfg = Release|Win32
		{C5922D7E-2FF0-4C41-BED0-4CB3CBD98DEB}.Release|x86.Build.0 = Release|Win32
	EndGlobalSection
	GlobalSection(SolutionProperties) = preSolution
		HideSolutionNode = FALSE
	EndGlobalSection
	GlobalSection(ExtensibilityGlobals) = postSolution
		SolutionGuid = {03913C27-DDE6-4DD3-AF3B-64B5A33BB41B}
	EndGlobalSection
EndGlobal
