
Microsoft Visual Studio Solution File, Format Version 12.00
# Visual Studio Version 16
VisualStudioVersion = 16.0.29911.84
MinimumVisualStudioVersion = 10.0.40219.1
Project("{8BC9CEB8-8B4A-11D0-8D11-00A0C91BC942}") = "hello.c", "hello.c\hello.c.vcxproj", "{B32B1B31-7314-4A90-9437-E5C8EB60E9B3}"
EndProject
Global
	GlobalSection(SolutionConfigurationPlatforms) = preSolution
		Debug|x64 = Debug|x64
		Debug|x86 = Debug|x86
		Release|x64 = Release|x64
		Release|x86 = Release|x86
	EndGlobalSection
	GlobalSection(ProjectConfigurationPlatforms) = postSolution
		{B32B1B31-7314-4A90-9437-E5C8EB60E9B3}.Debug|x64.ActiveCfg = Debug|x64
		{B32B1B31-7314-4A90-9437-E5C8EB60E9B3}.Debug|x64.Build.0 = Debug|x64
		{B32B1B31-7314-4A90-9437-E5C8EB60E9B3}.Debug|x86.ActiveCfg = Debug|Win32
		{B32B1B31-7314-4A90-9437-E5C8EB60E9B3}.Debug|x86.Build.0 = Debug|Win32
		{B32B1B31-7314-4A90-9437-E5C8EB60E9B3}.Release|x64.ActiveCfg = Release|x64
		{B32B1B31-7314-4A90-9437-E5C8EB60E9B3}.Release|x64.Build.0 = Release|x64
		{B32B1B31-7314-4A90-9437-E5C8EB60E9B3}.Release|x86.ActiveCfg = Release|Win32
		{B32B1B31-7314-4A90-9437-E5C8EB60E9B3}.Release|x86.Build.0 = Release|Win32
	EndGlobalSection
	GlobalSection(SolutionProperties) = preSolution
		HideSolutionNode = FALSE
	EndGlobalSection
	GlobalSection(ExtensibilityGlobals) = postSolution
		SolutionGuid = {68C5CCD6-7614-4C28-B381-CE4D6DFDBA2C}
	EndGlobalSection
EndGlobal
